
Microsoft Visual Studio Solution File, Format Version 12.00
# Visual Studio Version 16
VisualStudioVersion = 16.0.31321.278
MinimumVisualStudioVersion = 10.0.40219.1
Project("{FAE04EC0-301F-11D3-BF4B-00C04F79EFBC}") = "IPG202-HW.Q1", "IPG202-HW.Q1.csproj", "{B89C6FBE-434C-422A-9624-CD15EB77C6E5}"
EndProject
Global
	GlobalSection(SolutionConfigurationPlatforms) = preSolution
		Debug|Any CPU = Debug|Any CPU
		Release|Any CPU = Release|Any CPU
	EndGlobalSection
	GlobalSection(ProjectConfigurationPlatforms) = postSolution
		{B89C6FBE-434C-422A-9624-CD15EB77C6E5}.Debug|Any CPU.ActiveCfg = Debug|Any CPU
		{B89C6FBE-434C-422A-9624-CD15EB77C6E5}.Debug|Any CPU.Build.0 = Debug|Any CPU
		{B89C6FBE-434C-422A-9624-CD15EB77C6E5}.Release|Any CPU.ActiveCfg = Release|Any CPU
		{B89C6FBE-434C-422A-9624-CD15EB77C6E5}.Release|Any CPU.Build.0 = Release|Any CPU
	EndGlobalSection
	GlobalSection(SolutionProperties) = preSolution
		HideSolutionNode = FALSE
	EndGlobalSection
	GlobalSection(ExtensibilityGlobals) = postSolution
		SolutionGuid = {AD8855C1-457F-406F-95F4-5EFBF51F1151}
	EndGlobalSection
EndGlobal
